
Microsoft Visual Studio Solution File, Format Version 12.00
Project("{FAE04EC0-301F-11D3-BF4B-00C04F79EFBC}") = "VideogamesAPI", "VideogamesAPI\VideogamesAPI.csproj", "{269CEB4D-BE61-4464-BE7D-0FC2E6615BBC}"
EndProject
Global
	GlobalSection(SolutionConfigurationPlatforms) = preSolution
		Debug|Any CPU = Debug|Any CPU
		Release|Any CPU = Release|Any CPU
	EndGlobalSection
	GlobalSection(ProjectConfigurationPlatforms) = postSolution
		{269CEB4D-BE61-4464-BE7D-0FC2E6615BBC}.Debug|Any CPU.ActiveCfg = Debug|Any CPU
		{269CEB4D-BE61-4464-BE7D-0FC2E6615BBC}.Debug|Any CPU.Build.0 = Debug|Any CPU
		{269CEB4D-BE61-4464-BE7D-0FC2E6615BBC}.Release|Any CPU.ActiveCfg = Release|Any CPU
		{269CEB4D-BE61-4464-BE7D-0FC2E6615BBC}.Release|Any CPU.Build.0 = Release|Any CPU
	EndGlobalSection
EndGlobal
